
Microsoft Visual Studio Solution File, Format Version 12.00
# Visual Studio 15
VisualStudioVersion = 15.0.28307.572
MinimumVisualStudioVersion = 10.0.40219.1
Project("{FAE04EC0-301F-11D3-BF4B-00C04F79EFBC}") = "WpfERP", "WpfERP\WpfERP.csproj", "{47D08BD1-3C5C-4B43-9AAA-884190ED263A}"
EndProject
Global
	GlobalSection(SolutionConfigurationPlatforms) = preSolution
		Debug|Any CPU = Debug|Any CPU
		Release|Any CPU = Release|Any CPU
	EndGlobalSection
	GlobalSection(ProjectConfigurationPlatforms) = postSolution
		{47D08BD1-3C5C-4B43-9AAA-884190ED263A}.Debug|Any CPU.ActiveCfg = Debug|Any CPU
		{47D08BD1-3C5C-4B43-9AAA-884190ED263A}.Debug|Any CPU.Build.0 = Debug|Any CPU
		{47D08BD1-3C5C-4B43-9AAA-884190ED263A}.Release|Any CPU.ActiveCfg = Release|Any CPU
		{47D08BD1-3C5C-4B43-9AAA-884190ED263A}.Release|Any CPU.Build.0 = Release|Any CPU
	EndGlobalSection
	GlobalSection(SolutionProperties) = preSolution
		HideSolutionNode = FALSE
	EndGlobalSection
	GlobalSection(ExtensibilityGlobals) = postSolution
		SolutionGuid = {A94773A2-FA40-4297-964D-3A1F4C198A51}
	EndGlobalSection
EndGlobal
